
Microsoft Visual Studio Solution File, Format Version 12.00
# Visual Studio Version 16
VisualStudioVersion = 16.0.29806.167
MinimumVisualStudioVersion = 10.0.40219.1
Project("{2150E333-8FDC-42A3-9474-1A3956D46DE8}") = "0-Presentation_Layer", "0-Presentation_Layer", "{DA03E07B-1C70-4FAF-BDDA-2C39B2418587}"
EndProject
Project("{2150E333-8FDC-42A3-9474-1A3956D46DE8}") = "1-Services_Layer", "1-Services_Layer", "{85C624EA-E354-4BCE-A921-2AA13D0AEBFE}"
EndProject
Project("{2150E333-8FDC-42A3-9474-1A3956D46DE8}") = "2-Business_Layer", "2-Business_Layer", "{0AB55147-2E59-429D-92F6-677BEFACF6A2}"
EndProject
Project("{2150E333-8FDC-42A3-9474-1A3956D46DE8}") = "3-Infrasctructure_Layer", "3-Infrasctructure_Layer", "{6AD6B20A-213B-448B-BC6C-E8755E951B3F}"
EndProject
Project("{2150E333-8FDC-42A3-9474-1A3956D46DE8}") = "MVC_Presentation", "MVC_Presentation", "{3344CD85-3A76-454D-8769-45321B7646A2}"
EndProject
Project("{2150E333-8FDC-42A3-9474-1A3956D46DE8}") = "WebForms_Presentation", "WebForms_Presentation", "{ED8D3836-DE28-4C19-81C5-CF757ECAFD92}"
EndProject
Project("{2150E333-8FDC-42A3-9474-1A3956D46DE8}") = "Api_Service", "Api_Service", "{7A1D46DD-8FD7-4640-9030-CCF72DBC9A0E}"
EndProject
Project("{2150E333-8FDC-42A3-9474-1A3956D46DE8}") = "WCF_Service", "WCF_Service", "{146983A3-B21C-4638-B3C6-4BF4704D897D}"
EndProject
Project("{2150E333-8FDC-42A3-9474-1A3956D46DE8}") = "DataBaseContext", "DataBaseContext", "{5732E4DD-19D0-42C4-BE57-E4381AB7B4DE}"
EndProject
Project("{2150E333-8FDC-42A3-9474-1A3956D46DE8}") = "Helpers", "Helpers", "{6ABA91A2-9401-4F59-B41E-9142F774E057}"
EndProject
Project("{2150E333-8FDC-42A3-9474-1A3956D46DE8}") = "Model", "Model", "{0543A23E-492E-4871-8841-0292DB2DE3F9}"
EndProject
Project("{FAE04EC0-301F-11D3-BF4B-00C04F79EFBC}") = "MVC", "MVC\MVC.csproj", "{27E34A3F-1225-46EC-B8EB-DF380CFB1808}"
EndProject
Project("{FAE04EC0-301F-11D3-BF4B-00C04F79EFBC}") = "WebForms", "WebForms\WebForms.csproj", "{18C7868B-0DF0-443D-97B2-410EDE9A561D}"
	ProjectSection(ProjectDependencies) = postProject
		{1BA63E14-159B-457C-8662-A9CAC5F0F59A} = {1BA63E14-159B-457C-8662-A9CAC5F0F59A}
	EndProjectSection
EndProject
Project("{FAE04EC0-301F-11D3-BF4B-00C04F79EFBC}") = "API", "API\API.csproj", "{89B39107-A3CF-45E8-9E02-DED06C7071BF}"
EndProject
Project("{FAE04EC0-301F-11D3-BF4B-00C04F79EFBC}") = "Model", "Model\Model.csproj", "{9EFEE9D2-A480-4E07-8890-1430FDA0DC6D}"
EndProject
Project("{FAE04EC0-301F-11D3-BF4B-00C04F79EFBC}") = "DataBaseContext", "DataBaseContext\DataBaseContext.csproj", "{4B8CEAB7-3256-4A23-9695-0F5F97D402A5}"
EndProject
Project("{FAE04EC0-301F-11D3-BF4B-00C04F79EFBC}") = "Helpers", "Helpers\Helpers.csproj", "{BECBBD43-A3D8-467D-A746-D0931CAD2BAC}"
EndProject
Project("{FAE04EC0-301F-11D3-BF4B-00C04F79EFBC}") = "WCFServiceContract", "WCFServiceContract\WCFServiceContract.csproj", "{1BA63E14-159B-457C-8662-A9CAC5F0F59A}"
EndProject
Global
	GlobalSection(SolutionConfigurationPlatforms) = preSolution
		Debug|Any CPU = Debug|Any CPU
		Release|Any CPU = Release|Any CPU
	EndGlobalSection
	GlobalSection(ProjectConfigurationPlatforms) = postSolution
		{27E34A3F-1225-46EC-B8EB-DF380CFB1808}.Debug|Any CPU.ActiveCfg = Debug|Any CPU
		{27E34A3F-1225-46EC-B8EB-DF380CFB1808}.Debug|Any CPU.Build.0 = Debug|Any CPU
		{27E34A3F-1225-46EC-B8EB-DF380CFB1808}.Release|Any CPU.ActiveCfg = Release|Any CPU
		{27E34A3F-1225-46EC-B8EB-DF380CFB1808}.Release|Any CPU.Build.0 = Release|Any CPU
		{18C7868B-0DF0-443D-97B2-410EDE9A561D}.Debug|Any CPU.ActiveCfg = Debug|Any CPU
		{18C7868B-0DF0-443D-97B2-410EDE9A561D}.Debug|Any CPU.Build.0 = Debug|Any CPU
		{18C7868B-0DF0-443D-97B2-410EDE9A561D}.Release|Any CPU.ActiveCfg = Release|Any CPU
		{18C7868B-0DF0-443D-97B2-410EDE9A561D}.Release|Any CPU.Build.0 = Release|Any CPU
		{89B39107-A3CF-45E8-9E02-DED06C7071BF}.Debug|Any CPU.ActiveCfg = Debug|Any CPU
		{89B39107-A3CF-45E8-9E02-DED06C7071BF}.Debug|Any CPU.Build.0 = Debug|Any CPU
		{89B39107-A3CF-45E8-9E02-DED06C7071BF}.Release|Any CPU.ActiveCfg = Release|Any CPU
		{89B39107-A3CF-45E8-9E02-DED06C7071BF}.Release|Any CPU.Build.0 = Release|Any CPU
		{9EFEE9D2-A480-4E07-8890-1430FDA0DC6D}.Debug|Any CPU.ActiveCfg = Debug|Any CPU
		{9EFEE9D2-A480-4E07-8890-1430FDA0DC6D}.Debug|Any CPU.Build.0 = Debug|Any CPU
		{9EFEE9D2-A480-4E07-8890-1430FDA0DC6D}.Release|Any CPU.ActiveCfg = Release|Any CPU
		{9EFEE9D2-A480-4E07-8890-1430FDA0DC6D}.Release|Any CPU.Build.0 = Release|Any CPU
		{4B8CEAB7-3256-4A23-9695-0F5F97D402A5}.Debug|Any CPU.ActiveCfg = Debug|Any CPU
		{4B8CEAB7-3256-4A23-9695-0F5F97D402A5}.Debug|Any CPU.Build.0 = Debug|Any CPU
		{4B8CEAB7-3256-4A23-9695-0F5F97D402A5}.Release|Any CPU.ActiveCfg = Release|Any CPU
		{4B8CEAB7-3256-4A23-9695-0F5F97D402A5}.Release|Any CPU.Build.0 = Release|Any CPU
		{BECBBD43-A3D8-467D-A746-D0931CAD2BAC}.Debug|Any CPU.ActiveCfg = Debug|Any CPU
		{BECBBD43-A3D8-467D-A746-D0931CAD2BAC}.Debug|Any CPU.Build.0 = Debug|Any CPU
		{BECBBD43-A3D8-467D-A746-D0931CAD2BAC}.Release|Any CPU.ActiveCfg = Release|Any CPU
		{BECBBD43-A3D8-467D-A746-D0931CAD2BAC}.Release|Any CPU.Build.0 = Release|Any CPU
		{1BA63E14-159B-457C-8662-A9CAC5F0F59A}.Debug|Any CPU.ActiveCfg = Debug|Any CPU
		{1BA63E14-159B-457C-8662-A9CAC5F0F59A}.Debug|Any CPU.Build.0 = Debug|Any CPU
		{1BA63E14-159B-457C-8662-A9CAC5F0F59A}.Release|Any CPU.ActiveCfg = Release|Any CPU
		{1BA63E14-159B-457C-8662-A9CAC5F0F59A}.Release|Any CPU.Build.0 = Release|Any CPU
	EndGlobalSection
	GlobalSection(SolutionProperties) = preSolution
		HideSolutionNode = FALSE
	EndGlobalSection
	GlobalSection(NestedProjects) = preSolution
		{3344CD85-3A76-454D-8769-45321B7646A2} = {DA03E07B-1C70-4FAF-BDDA-2C39B2418587}
		{ED8D3836-DE28-4C19-81C5-CF757ECAFD92} = {DA03E07B-1C70-4FAF-BDDA-2C39B2418587}
		{7A1D46DD-8FD7-4640-9030-CCF72DBC9A0E} = {85C624EA-E354-4BCE-A921-2AA13D0AEBFE}
		{146983A3-B21C-4638-B3C6-4BF4704D897D} = {85C624EA-E354-4BCE-A921-2AA13D0AEBFE}
		{5732E4DD-19D0-42C4-BE57-E4381AB7B4DE} = {6AD6B20A-213B-448B-BC6C-E8755E951B3F}
		{6ABA91A2-9401-4F59-B41E-9142F774E057} = {0AB55147-2E59-429D-92F6-677BEFACF6A2}
		{0543A23E-492E-4871-8841-0292DB2DE3F9} = {0AB55147-2E59-429D-92F6-677BEFACF6A2}
		{27E34A3F-1225-46EC-B8EB-DF380CFB1808} = {3344CD85-3A76-454D-8769-45321B7646A2}
		{18C7868B-0DF0-443D-97B2-410EDE9A561D} = {ED8D3836-DE28-4C19-81C5-CF757ECAFD92}
		{89B39107-A3CF-45E8-9E02-DED06C7071BF} = {7A1D46DD-8FD7-4640-9030-CCF72DBC9A0E}
		{9EFEE9D2-A480-4E07-8890-1430FDA0DC6D} = {0543A23E-492E-4871-8841-0292DB2DE3F9}
		{4B8CEAB7-3256-4A23-9695-0F5F97D402A5} = {5732E4DD-19D0-42C4-BE57-E4381AB7B4DE}
		{BECBBD43-A3D8-467D-A746-D0931CAD2BAC} = {6ABA91A2-9401-4F59-B41E-9142F774E057}
		{1BA63E14-159B-457C-8662-A9CAC5F0F59A} = {146983A3-B21C-4638-B3C6-4BF4704D897D}
	EndGlobalSection
	GlobalSection(ExtensibilityGlobals) = postSolution
		SolutionGuid = {E91CE1A3-31CE-4511-B41E-0DCEE685FE66}
	EndGlobalSection
EndGlobal
